Microsoft Visual Studio Solution File, Format Version 11.00
# Visual Studio 2010
Project("{8BC9CEB8-8B4A-11D0-8D11-00A0C91BC942}") = "dosbox", "dosbox.vcxproj", "{337CCCC2-7814-E5B3-8A45-512BC18DE688}"
EndProject
Project("{8BC9CEB8-8B4A-11D0-8D11-00A0C91BC942}") = "DosPlugin", "..\plugin\visualc\DosPlugin\DosPlugin.vcxproj", "{128688D9-5FB2-40AD-B8D0-9A7229DC8B3A}"
	ProjectSection(ProjectDependencies) = postProject
		{337CCCC2-7814-E5B3-8A45-512BC18DE688} = {337CCCC2-7814-E5B3-8A45-512BC18DE688}
	EndProjectSection
EndProject
Project("{8BC9CEB8-8B4A-11D0-8D11-00A0C91BC942}") = "Win16Plugin", "..\plugin\visualc\Win16Plugin\Plugin.vcxproj", "{F2786AA4-3AEE-480B-912E-9ABC00068D14}"
	ProjectSection(ProjectDependencies) = postProject
		{337CCCC2-7814-E5B3-8A45-512BC18DE688} = {337CCCC2-7814-E5B3-8A45-512BC18DE688}
	EndProjectSection
EndProject
Project("{8BC9CEB8-8B4A-11D0-8D11-00A0C91BC942}") = "GuestLib", "..\plugin\visualc\GuestLib\GuestLib.vcxproj", "{9DCB2EC6-6E89-4CCF-BCD6-FE4C8D9D92C6}"
EndProject
Global
	GlobalSection(SolutionConfigurationPlatforms) = preSolution
		Debug|Win32 = Debug|Win32
		Release x86 Console|Win32 = Release x86 Console|Win32
		Release x86 NoConsole|Win32 = Release x86 NoConsole|Win32
		Release|Win32 = Release|Win32
	EndGlobalSection
	GlobalSection(ProjectConfigurationPlatforms) = postSolution
		{337CCCC2-7814-E5B3-8A45-512BC18DE688}.Debug|Win32.ActiveCfg = Debug|Win32
		{337CCCC2-7814-E5B3-8A45-512BC18DE688}.Debug|Win32.Build.0 = Debug|Win32
		{337CCCC2-7814-E5B3-8A45-512BC18DE688}.Release x86 Console|Win32.ActiveCfg = Release x86 Console|Win32
		{337CCCC2-7814-E5B3-8A45-512BC18DE688}.Release x86 Console|Win32.Build.0 = Release x86 Console|Win32
		{337CCCC2-7814-E5B3-8A45-512BC18DE688}.Release x86 NoConsole|Win32.ActiveCfg = Release x86 NoConsole|Win32
		{337CCCC2-7814-E5B3-8A45-512BC18DE688}.Release x86 NoConsole|Win32.Build.0 = Release x86 NoConsole|Win32
		{337CCCC2-7814-E5B3-8A45-512BC18DE688}.Release|Win32.ActiveCfg = Release x86 NoConsole|Win32
		{337CCCC2-7814-E5B3-8A45-512BC18DE688}.Release|Win32.Build.0 = Release x86 NoConsole|Win32
		{128688D9-5FB2-40AD-B8D0-9A7229DC8B3A}.Debug|Win32.ActiveCfg = Debug|Win32
		{128688D9-5FB2-40AD-B8D0-9A7229DC8B3A}.Debug|Win32.Build.0 = Debug|Win32
		{128688D9-5FB2-40AD-B8D0-9A7229DC8B3A}.Release x86 Console|Win32.ActiveCfg = Release x86|Win32
		{128688D9-5FB2-40AD-B8D0-9A7229DC8B3A}.Release x86 Console|Win32.Build.0 = Release x86|Win32
		{128688D9-5FB2-40AD-B8D0-9A7229DC8B3A}.Release x86 NoConsole|Win32.ActiveCfg = Release x86|Win32
		{128688D9-5FB2-40AD-B8D0-9A7229DC8B3A}.Release x86 NoConsole|Win32.Build.0 = Release x86|Win32
		{128688D9-5FB2-40AD-B8D0-9A7229DC8B3A}.Release|Win32.ActiveCfg = Release x86|Win32
		{128688D9-5FB2-40AD-B8D0-9A7229DC8B3A}.Release|Win32.Build.0 = Release x86|Win32
		{F2786AA4-3AEE-480B-912E-9ABC00068D14}.Debug|Win32.ActiveCfg = Debug|Win32
		{F2786AA4-3AEE-480B-912E-9ABC00068D14}.Debug|Win32.Build.0 = Debug|Win32
		{F2786AA4-3AEE-480B-912E-9ABC00068D14}.Release x86 Console|Win32.ActiveCfg = Release x86|Win32
		{F2786AA4-3AEE-480B-912E-9ABC00068D14}.Release x86 Console|Win32.Build.0 = Release x86|Win32
		{F2786AA4-3AEE-480B-912E-9ABC00068D14}.Release x86 NoConsole|Win32.ActiveCfg = Release x86|Win32
		{F2786AA4-3AEE-480B-912E-9ABC00068D14}.Release x86 NoConsole|Win32.Build.0 = Release x86|Win32
		{F2786AA4-3AEE-480B-912E-9ABC00068D14}.Release|Win32.ActiveCfg = Release x86|Win32
		{F2786AA4-3AEE-480B-912E-9ABC00068D14}.Release|Win32.Build.0 = Release x86|Win32
		{9DCB2EC6-6E89-4CCF-BCD6-FE4C8D9D92C6}.Debug|Win32.ActiveCfg = Debug|Win32
		{9DCB2EC6-6E89-4CCF-BCD6-FE4C8D9D92C6}.Debug|Win32.Build.0 = Debug|Win32
		{9DCB2EC6-6E89-4CCF-BCD6-FE4C8D9D92C6}.Release x86 Console|Win32.ActiveCfg = Release|Win32
		{9DCB2EC6-6E89-4CCF-BCD6-FE4C8D9D92C6}.Release x86 Console|Win32.Build.0 = Release|Win32
		{9DCB2EC6-6E89-4CCF-BCD6-FE4C8D9D92C6}.Release x86 NoConsole|Win32.ActiveCfg = Release|Win32
		{9DCB2EC6-6E89-4CCF-BCD6-FE4C8D9D92C6}.Release x86 NoConsole|Win32.Build.0 = Release|Win32
		{9DCB2EC6-6E89-4CCF-BCD6-FE4C8D9D92C6}.Release|Win32.ActiveCfg = Release|Win32
		{9DCB2EC6-6E89-4CCF-BCD6-FE4C8D9D92C6}.Release|Win32.Build.0 = Release|Win32
	EndGlobalSection
	GlobalSection(SolutionProperties) = preSolution
		HideSolutionNode = FALSE
	EndGlobalSection
EndGlobal
